// !$*UTF8*$!
{
	archiveVersion = 1;
	classes = {
	};
	objectVersion = 48;
	objects = {

/* Begin PBXBuildFile section */
		A45C5682262640320008FF4D /* guitar-51Film-2.wav in Resources */ = {isa = PBXBuildFile; fileRef = A45C567C262640320008FF4D /* guitar-51Film-2.wav */; };
		A45C5683262640320008FF4D /* guitar-51Film-6.wav in Resources */ = {isa = PBXBuildFile; fileRef = A45C567D262640320008FF4D /* guitar-51Film-6.wav */; };
		A45C5684262640320008FF4D /* guitar-51Film-1.wav in Resources */ = {isa = PBXBuildFile; fileRef = A45C567E262640320008FF4D /* guitar-51Film-1.wav */; };
		A45C5685262640320008FF4D /* guitar-51Film-3.wav in Resources */ = {isa = PBXBuildFile; fileRef = A45C567F262640320008FF4D /* guitar-51Film-3.wav */; };
		A45C5686262640320008FF4D /* guitar-51Film-4.wav in Resources */ = {isa = PBXBuildFile; fileRef = A45C5680262640320008FF4D /* guitar-51Film-4.wav */; };
		A45C5687262640320008FF4D /* guitar-51Film-5.wav in Resources */ = {isa = PBXBuildFile; fileRef = A45C5681262640320008FF4D /* guitar-51Film-5.wav */; };
		A45C568C2626403D0008FF4D /* guitar-acnsn3d-3.wav in Resources */ = {isa = PBXBuildFile; fileRef = A45C56882626403D0008FF4D /* guitar-acnsn3d-3.wav */; };
		A45C568D2626403D0008FF4D /* guitar-acnsn3d-2.wav in Resources */ = {isa = PBXBuildFile; fileRef = A45C56892626403D0008FF4D /* guitar-acnsn3d-2.wav */; };
		A45C568E2626403D0008FF4D /* guitar-acnsn3d-4.wav in Resources */ = {isa = PBXBuildFile; fileRef = A45C568A2626403D0008FF4D /* guitar-acnsn3d-4.wav */; };
		A45C568F2626403D0008FF4D /* guitar-acnsn3d-1.wav in Resources */ = {isa = PBXBuildFile; fileRef = A45C568B2626403D0008FF4D /* guitar-acnsn3d-1.wav */; };
		A46BE17D21E55EBC0050CFEB /* libc++.tbd in Frameworks */ = {isa = PBXBuildFile; fileRef = A46BE17C21E55EBB0050CFEB /* libc++.tbd */; };
		A4F80A24203B3B86008D976A /* AppDelegate.swift in Sources */ = {isa = PBXBuildFile; fileRef = A4F80A23203B3B86008D976A /* AppDelegate.swift */; };
		A4F80A26203B3B86008D976A /* ViewController.swift in Sources */ = {isa = PBXBuildFile; fileRef = A4F80A25203B3B86008D976A /* ViewController.swift */; };
		A4F80A29203B3B86008D976A /* Main.storyboard in Resources */ = {isa = PBXBuildFile; fileRef = A4F80A27203B3B86008D976A /* Main.storyboard */; };
		A4F80A2B203B3B86008D976A /* Assets.xcassets in Resources */ = {isa = PBXBuildFile; fileRef = A4F80A2A203B3B86008D976A /* Assets.xcassets */; };
		A4F80A2E203B3B86008D976A /* LaunchScreen.storyboard in Resources */ = {isa = PBXBuildFile; fileRef = A4F80A2C203B3B86008D976A /* LaunchScreen.storyboard */; };
		BE11FF423B9FE0FCC2D60DD3 /* Pods_mach1_transcode_example.framework in Frameworks */ = {isa = PBXBuildFile; fileRef = 98E828E5F1A84EBF0ECFAF89 /* Pods_mach1_transcode_example.framework */; };
/* End PBXBuildFile section */

/* Begin PBXCopyFilesBuildPhase section */
		A4485D4C21BF152900F07E9F /* Embed Frameworks */ = {
			isa = PBXCopyFilesBuildPhase;
			buildActionMask = 2147483647;
			dstPath = "";
			dstSubfolderSpec = 10;
			files = (
			);
			name = "Embed Frameworks";
			runOnlyForDeploymentPostprocessing = 0;
		};
/* End PBXCopyFilesBuildPhase section */

/* Begin PBXFileReference section */
		7AA88BBF728B50563F1399D7 /* Pods_mach1_decode_example.framework */ = {isa = PBXFileReference; explicitFileType = wrapper.framework; includeInIndex = 0; path = Pods_mach1_decode_example.framework; sourceTree = BUILT_PRODUCTS_DIR; };
		98E828E5F1A84EBF0ECFAF89 /* Pods_mach1_transcode_example.framework */ = {isa = PBXFileReference; explicitFileType = wrapper.framework; includeInIndex = 0; path = Pods_mach1_transcode_example.framework; sourceTree = BUILT_PRODUCTS_DIR; };
		A45C567C262640320008FF4D /* guitar-51Film-2.wav */ = {isa = PBXFileReference; lastKnownFileType = audio.wav; name = "guitar-51Film-2.wav"; path = "Audio/FiveOneFilm_Cinema/guitar-51Film-2.wav"; sourceTree = SOURCE_ROOT; };
		A45C567D262640320008FF4D /* guitar-51Film-6.wav */ = {isa = PBXFileReference; lastKnownFileType = audio.wav; name = "guitar-51Film-6.wav"; path = "Audio/FiveOneFilm_Cinema/guitar-51Film-6.wav"; sourceTree = SOURCE_ROOT; };
		A45C567E262640320008FF4D /* guitar-51Film-1.wav */ = {isa = PBXFileReference; lastKnownFileType = audio.wav; name = "guitar-51Film-1.wav"; path = "Audio/FiveOneFilm_Cinema/guitar-51Film-1.wav"; sourceTree = SOURCE_ROOT; };
		A45C567F262640320008FF4D /* guitar-51Film-3.wav */ = {isa = PBXFileReference; lastKnownFileType = audio.wav; name = "guitar-51Film-3.wav"; path = "Audio/FiveOneFilm_Cinema/guitar-51Film-3.wav"; sourceTree = SOURCE_ROOT; };
		A45C5680262640320008FF4D /* guitar-51Film-4.wav */ = {isa = PBXFileReference; lastKnownFileType = audio.wav; name = "guitar-51Film-4.wav"; path = "Audio/FiveOneFilm_Cinema/guitar-51Film-4.wav"; sourceTree = SOURCE_ROOT; };
		A45C5681262640320008FF4D /* guitar-51Film-5.wav */ = {isa = PBXFileReference; lastKnownFileType = audio.wav; name = "guitar-51Film-5.wav"; path = "Audio/FiveOneFilm_Cinema/guitar-51Film-5.wav"; sourceTree = SOURCE_ROOT; };
		A45C56882626403D0008FF4D /* guitar-acnsn3d-3.wav */ = {isa = PBXFileReference; lastKnownFileType = audio.wav; name = "guitar-acnsn3d-3.wav"; path = "Audio/ACNSN3D/guitar-acnsn3d-3.wav"; sourceTree = SOURCE_ROOT; };
		A45C56892626403D0008FF4D /* guitar-acnsn3d-2.wav */ = {isa = PBXFileReference; lastKnownFileType = audio.wav; name = "guitar-acnsn3d-2.wav"; path = "Audio/ACNSN3D/guitar-acnsn3d-2.wav"; sourceTree = SOURCE_ROOT; };
		A45C568A2626403D0008FF4D /* guitar-acnsn3d-4.wav */ = {isa = PBXFileReference; lastKnownFileType = audio.wav; name = "guitar-acnsn3d-4.wav"; path = "Audio/ACNSN3D/guitar-acnsn3d-4.wav"; sourceTree = SOURCE_ROOT; };
		A45C568B2626403D0008FF4D /* guitar-acnsn3d-1.wav */ = {isa = PBXFileReference; lastKnownFileType = audio.wav; name = "guitar-acnsn3d-1.wav"; path = "Audio/ACNSN3D/guitar-acnsn3d-1.wav"; sourceTree = SOURCE_ROOT; };
		A46BE17C21E55EBB0050CFEB /* libc++.tbd */ = {isa = PBXFileReference; lastKnownFileType = "sourcecode.text-based-dylib-definition"; name = "libc++.tbd"; path = "Platforms/iPhoneOS.platform/Developer/SDKs/iPhoneOS.sdk/usr/lib/libc++.tbd"; sourceTree = DEVELOPER_DIR; };
		A4F80A20203B3B86008D976A /* mach1-transcode-example.app */ = {isa = PBXFileReference; explicitFileType = wrapper.application; includeInIndex = 0; path = "mach1-transcode-example.app"; sourceTree = BUILT_PRODUCTS_DIR; };
		A4F80A23203B3B86008D976A /* AppDelegate.swift */ = {isa = PBXFileReference; lastKnownFileType = sourcecode.swift; path = AppDelegate.swift; sourceTree = "<group>"; };
		A4F80A25203B3B86008D976A /* ViewController.swift */ = {isa = PBXFileReference; lastKnownFileType = sourcecode.swift; path = ViewController.swift; sourceTree = "<group>"; };
		A4F80A28203B3B86008D976A /* Base */ = {isa = PBXFileReference; lastKnownFileType = file.storyboard; name = Base; path = Base.lproj/Main.storyboard; sourceTree = "<group>"; };
		A4F80A2A203B3B86008D976A /* Assets.xcassets */ = {isa = PBXFileReference; lastKnownFileType = folder.assetcatalog; path = Assets.xcassets; sourceTree = "<group>"; };
		A4F80A2D203B3B86008D976A /* Base */ = {isa = PBXFileReference; lastKnownFileType = file.storyboard; name = Base; path = Base.lproj/LaunchScreen.storyboard; sourceTree = "<group>"; };
		A4F80A2F203B3B86008D976A /* Info.plist */ = {isa = PBXFileReference; lastKnownFileType = text.plist.xml; path = Info.plist; sourceTree = "<group>"; };
		C92116E6F4434900CC8F5A0E /* Pods-mach1-transcode-example.debug.xcconfig */ = {isa = PBXFileReference; includeInIndex = 1; lastKnownFileType = text.xcconfig; name = "Pods-mach1-transcode-example.debug.xcconfig"; path = "Target Support Files/Pods-mach1-transcode-example/Pods-mach1-transcode-example.debug.xcconfig"; sourceTree = "<group>"; };
		D50A89D24F87BE156485DAC7 /* Pods-mach1-transcode-example.release.xcconfig */ = {isa = PBXFileReference; includeInIndex = 1; lastKnownFileType = text.xcconfig; name = "Pods-mach1-transcode-example.release.xcconfig"; path = "Target Support Files/Pods-mach1-transcode-example/Pods-mach1-transcode-example.release.xcconfig"; sourceTree = "<group>"; };
/* End PBXFileReference section */

/* Begin PBXFrameworksBuildPhase section */
		A4F80A1D203B3B85008D976A /* Frameworks */ = {
			isa = PBXFrameworksBuildPhase;
			buildActionMask = 2147483647;
			files = (
				A46BE17D21E55EBC0050CFEB /* libc++.tbd in Frameworks */,
				BE11FF423B9FE0FCC2D60DD3 /* Pods_mach1_transcode_example.framework in Frameworks */,
			);
			runOnlyForDeploymentPostprocessing = 0;
		};
/* End PBXFrameworksBuildPhase section */

/* Begin PBXGroup section */
		72028DFA394EDAC9446E7D0E /* Pods */ = {
			isa = PBXGroup;
			children = (
				C92116E6F4434900CC8F5A0E /* Pods-mach1-transcode-example.debug.xcconfig */,
				D50A89D24F87BE156485DAC7 /* Pods-mach1-transcode-example.release.xcconfig */,
			);
			path = Pods;
			sourceTree = "<group>";
		};
		A4F80A17203B3B85008D976A = {
			isa = PBXGroup;
			children = (
				A4F80A22203B3B86008D976A /* mach1-transcode-example */,
				A4F80A21203B3B86008D976A /* Products */,
				A4F80A53203B3C91008D976A /* Frameworks */,
				72028DFA394EDAC9446E7D0E /* Pods */,
			);
			sourceTree = "<group>";
		};
		A4F80A21203B3B86008D976A /* Products */ = {
			isa = PBXGroup;
			children = (
				A4F80A20203B3B86008D976A /* mach1-transcode-example.app */,
			);
			name = Products;
			sourceTree = "<group>";
		};
		A4F80A22203B3B86008D976A /* mach1-transcode-example */ = {
			isa = PBXGroup;
			children = (
				A4F80A23203B3B86008D976A /* AppDelegate.swift */,
				A4F80A25203B3B86008D976A /* ViewController.swift */,
				A4F80A27203B3B86008D976A /* Main.storyboard */,
				A4F80A2A203B3B86008D976A /* Assets.xcassets */,
				A4F80A2C203B3B86008D976A /* LaunchScreen.storyboard */,
				A4F80A2F203B3B86008D976A /* Info.plist */,
				A4F80ADE2040F430008D976A /* Audio */,
			);
			path = "mach1-transcode-example";
			sourceTree = "<group>";
		};
		A4F80A53203B3C91008D976A /* Frameworks */ = {
			isa = PBXGroup;
			children = (
				A46BE17C21E55EBB0050CFEB /* libc++.tbd */,
				7AA88BBF728B50563F1399D7 /* Pods_mach1_decode_example.framework */,
				98E828E5F1A84EBF0ECFAF89 /* Pods_mach1_transcode_example.framework */,
			);
			name = Frameworks;
			sourceTree = "<group>";
		};
		A4F80ADE2040F430008D976A /* Audio */ = {
			isa = PBXGroup;
			children = (
				CE443E69249D019D000B2C0F /* ACNSN3D */,
				CE443E6E249D019D000B2C0F /* FiveOneFilm_Cinema */,
			);
			path = Audio;
			sourceTree = "<group>";
		};
		CE443E69249D019D000B2C0F /* ACNSN3D */ = {
			isa = PBXGroup;
			children = (
				A45C568B2626403D0008FF4D /* guitar-acnsn3d-1.wav */,
				A45C56892626403D0008FF4D /* guitar-acnsn3d-2.wav */,
				A45C56882626403D0008FF4D /* guitar-acnsn3d-3.wav */,
				A45C568A2626403D0008FF4D /* guitar-acnsn3d-4.wav */,
			);
			path = ACNSN3D;
			sourceTree = "<group>";
		};
		CE443E6E249D019D000B2C0F /* FiveOneFilm_Cinema */ = {
			isa = PBXGroup;
			children = (
				A45C567E262640320008FF4D /* guitar-51Film-1.wav */,
				A45C567C262640320008FF4D /* guitar-51Film-2.wav */,
				A45C567F262640320008FF4D /* guitar-51Film-3.wav */,
				A45C5680262640320008FF4D /* guitar-51Film-4.wav */,
				A45C5681262640320008FF4D /* guitar-51Film-5.wav */,
				A45C567D262640320008FF4D /* guitar-51Film-6.wav */,
			);
			path = FiveOneFilm_Cinema;
			sourceTree = "<group>";
		};
/* End PBXGroup section */

/* Begin PBXNativeTarget section */
		A4F80A1F203B3B85008D976A /* mach1-transcode-example */ = {
			isa = PBXNativeTarget;
			buildConfigurationList = A4F80A48203B3B86008D976A /* Build configuration list for PBXNativeTarget "mach1-transcode-example" */;
			buildPhases = (
				2904CA21F2B56A73AA27C39A /* [CP] Check Pods Manifest.lock */,
				A4F80A1C203B3B85008D976A /* Sources */,
				A4F80A1D203B3B85008D976A /* Frameworks */,
				A4F80A1E203B3B85008D976A /* Resources */,
				A4485D4C21BF152900F07E9F /* Embed Frameworks */,
				583B60A17BE47329C13D4473 /* [CP] Embed Pods Frameworks */,
			);
			buildRules = (
			);
			dependencies = (
			);
			name = "mach1-transcode-example";
			productName = "mach1-ios-example";
			productReference = A4F80A20203B3B86008D976A /* mach1-transcode-example.app */;
			productType = "com.apple.product-type.application";
		};
/* End PBXNativeTarget section */

/* Begin PBXProject section */
		A4F80A18203B3B85008D976A /* Project object */ = {
			isa = PBXProject;
			attributes = {
				LastSwiftUpdateCheck = 0920;
				LastUpgradeCheck = 1010;
				ORGANIZATIONNAME = Mach1;
				TargetAttributes = {
					A4F80A1F203B3B85008D976A = {
						CreatedOnToolsVersion = 9.2;
						LastSwiftMigration = 0920;
						ProvisioningStyle = Automatic;
						SystemCapabilities = {
							com.apple.BackgroundModes = {
								enabled = 1;
							};
						};
					};
				};
			};
			buildConfigurationList = A4F80A1B203B3B85008D976A /* Build configuration list for PBXProject "mach1-transcode-example" */;
			compatibilityVersion = "Xcode 8.0";
			developmentRegion = en;
			hasScannedForEncodings = 0;
			knownRegions = (
				en,
				Base,
			);
			mainGroup = A4F80A17203B3B85008D976A;
			productRefGroup = A4F80A21203B3B86008D976A /* Products */;
			projectDirPath = "";
			projectRoot = "";
			targets = (
				A4F80A1F203B3B85008D976A /* mach1-transcode-example */,
			);
		};
/* End PBXProject section */

/* Begin PBXResourcesBuildPhase section */
		A4F80A1E203B3B85008D976A /* Resources */ = {
			isa = PBXResourcesBuildPhase;
			buildActionMask = 2147483647;
			files = (
				A45C5685262640320008FF4D /* guitar-51Film-3.wav in Resources */,
				A45C568C2626403D0008FF4D /* guitar-acnsn3d-3.wav in Resources */,
				A45C568F2626403D0008FF4D /* guitar-acnsn3d-1.wav in Resources */,
				A45C5686262640320008FF4D /* guitar-51Film-4.wav in Resources */,
				A45C568E2626403D0008FF4D /* guitar-acnsn3d-4.wav in Resources */,
				A45C568D2626403D0008FF4D /* guitar-acnsn3d-2.wav in Resources */,
				A45C5684262640320008FF4D /* guitar-51Film-1.wav in Resources */,
				A45C5683262640320008FF4D /* guitar-51Film-6.wav in Resources */,
				A4F80A2E203B3B86008D976A /* LaunchScreen.storyboard in Resources */,
				A45C5687262640320008FF4D /* guitar-51Film-5.wav in Resources */,
				A4F80A2B203B3B86008D976A /* Assets.xcassets in Resources */,
				A4F80A29203B3B86008D976A /* Main.storyboard in Resources */,
				A45C5682262640320008FF4D /* guitar-51Film-2.wav in Resources */,
			);
			runOnlyForDeploymentPostprocessing = 0;
		};
/* End PBXResourcesBuildPhase section */

/* Begin PBXShellScriptBuildPhase section */
		2904CA21F2B56A73AA27C39A /* [CP] Check Pods Manifest.lock */ = {
			isa = PBXShellScriptBuildPhase;
			buildActionMask = 2147483647;
			files = (
			);
			inputPaths = (
				"${PODS_PODFILE_DIR_PATH}/Podfile.lock",
				"${PODS_ROOT}/Manifest.lock",
			);
			name = "[CP] Check Pods Manifest.lock";
			outputPaths = (
				"$(DERIVED_FILE_DIR)/Pods-mach1-transcode-example-checkManifestLockResult.txt",
			);
			runOnlyForDeploymentPostprocessing = 0;
			shellPath = /bin/sh;
			shellScript = "diff \"${PODS_PODFILE_DIR_PATH}/Podfile.lock\" \"${PODS_ROOT}/Manifest.lock\" > /dev/null\nif [ $? != 0 ] ; then\n    # print error to STDERR\n    echo \"error: The sandbox is not in sync with the Podfile.lock. Run 'pod install' or update your CocoaPods installation.\" >&2\n    exit 1\nfi\n# This output is used by Xcode 'outputs' to avoid re-running this script phase.\necho \"SUCCESS\" > \"${SCRIPT_OUTPUT_FILE_0}\"\n";
			showEnvVarsInLog = 0;
		};
		583B60A17BE47329C13D4473 /* [CP] Embed Pods Frameworks */ = {
			isa = PBXShellScriptBuildPhase;
			buildActionMask = 2147483647;
			files = (
			);
			inputPaths = (
				"${PODS_ROOT}/Target Support Files/Pods-mach1-transcode-example/Pods-mach1-transcode-example-frameworks.sh",
				"${BUILT_PRODUCTS_DIR}/Mach1SpatialAPI/Mach1SpatialAPI.framework",
			);
			name = "[CP] Embed Pods Frameworks";
			outputPaths = (
				"${TARGET_BUILD_DIR}/${FRAMEWORKS_FOLDER_PATH}/Mach1SpatialAPI.framework",
			);
			runOnlyForDeploymentPostprocessing = 0;
			shellPath = /bin/sh;
			shellScript = "\"${PODS_ROOT}/Target Support Files/Pods-mach1-transcode-example/Pods-mach1-transcode-example-frameworks.sh\"\n";
			showEnvVarsInLog = 0;
		};
/* End PBXShellScriptBuildPhase section */

/* Begin PBXSourcesBuildPhase section */
		A4F80A1C203B3B85008D976A /* Sources */ = {
			isa = PBXSourcesBuildPhase;
			buildActionMask = 2147483647;
			files = (
				A4F80A26203B3B86008D976A /* ViewController.swift in Sources */,
				A4F80A24203B3B86008D976A /* AppDelegate.swift in Sources */,
			);
			runOnlyForDeploymentPostprocessing = 0;
		};
/* End PBXSourcesBuildPhase section */

/* Begin PBXVariantGroup section */
		A4F80A27203B3B86008D976A /* Main.storyboard */ = {
			isa = PBXVariantGroup;
			children = (
				A4F80A28203B3B86008D976A /* Base */,
			);
			name = Main.storyboard;
			sourceTree = "<group>";
		};
		A4F80A2C203B3B86008D976A /* LaunchScreen.storyboard */ = {
			isa = PBXVariantGroup;
			children = (
				A4F80A2D203B3B86008D976A /* Base */,
			);
			name = LaunchScreen.storyboard;
			sourceTree = "<group>";
		};
/* End PBXVariantGroup section */

/* Begin XCBuildConfiguration section */
		A4F80A46203B3B86008D976A /* Debug */ = {
			isa = XCBuildConfiguration;
			buildSettings = {
				ALWAYS_SEARCH_USER_PATHS = NO;
				CLANG_ANALYZER_NONNULL = YES;
				CLANG_ANALYZER_NUMBER_OBJECT_CONVERSION = YES_AGGRESSIVE;
				CLANG_CXX_LANGUAGE_STANDARD = "gnu++14";
				CLANG_CXX_LIBRARY = "libc++";
				CLANG_ENABLE_MODULES = YES;
				CLANG_ENABLE_OBJC_ARC = YES;
				CLANG_WARN_BLOCK_CAPTURE_AUTORELEASING = YES;
				CLANG_WARN_BOOL_CONVERSION = YES;
				CLANG_WARN_COMMA = YES;
				CLANG_WARN_CONSTANT_CONVERSION = YES;
				CLANG_WARN_DEPRECATED_OBJC_IMPLEMENTATIONS = YES;
				CLANG_WARN_DIRECT_OBJC_ISA_USAGE = YES_ERROR;
				CLANG_WARN_DOCUMENTATION_COMMENTS = YES;
				CLANG_WARN_EMPTY_BODY = YES;
				CLANG_WARN_ENUM_CONVERSION = YES;
				CLANG_WARN_INFINITE_RECURSION = YES;
				CLANG_WARN_INT_CONVERSION = YES;
				CLANG_WARN_NON_LITERAL_NULL_CONVERSION = YES;
				CLANG_WARN_OBJC_IMPLICIT_RETAIN_SELF = YES;
				CLANG_WARN_OBJC_LITERAL_CONVERSION = YES;
				CLANG_WARN_OBJC_ROOT_CLASS = YES_ERROR;
				CLANG_WARN_RANGE_LOOP_ANALYSIS = YES;
				CLANG_WARN_STRICT_PROTOTYPES = YES;
				CLANG_WARN_SUSPICIOUS_MOVE = YES;
				CLANG_WARN_UNGUARDED_AVAILABILITY = YES_AGGRESSIVE;
				CLANG_WARN_UNREACHABLE_CODE = YES;
				CLANG_WARN__DUPLICATE_METHOD_MATCH = YES;
				CODE_SIGN_IDENTITY = "iPhone Developer";
				COPY_PHASE_STRIP = NO;
				DEBUG_INFORMATION_FORMAT = dwarf;
				ENABLE_BITCODE = YES;
				ENABLE_STRICT_OBJC_MSGSEND = YES;
				ENABLE_TESTABILITY = YES;
				GCC_C_LANGUAGE_STANDARD = gnu11;
				GCC_DYNAMIC_NO_PIC = NO;
				GCC_NO_COMMON_BLOCKS = YES;
				GCC_OPTIMIZATION_LEVEL = 0;
				GCC_PREPROCESSOR_DEFINITIONS = (
					"DEBUG=1",
					"$(inherited)",
				);
				GCC_WARN_64_TO_32_BIT_CONVERSION = YES;
				GCC_WARN_ABOUT_RETURN_TYPE = YES_ERROR;
				GCC_WARN_UNDECLARED_SELECTOR = YES;
				GCC_WARN_UNINITIALIZED_AUTOS = YES_AGGRESSIVE;
				GCC_WARN_UNUSED_FUNCTION = YES;
				GCC_WARN_UNUSED_VARIABLE = YES;
				HEADER_SEARCH_PATHS = "\"$(SRCROOT)/../../../../include/swift/\"";
				INFOPLIST_FILE = "mach1-decode-example/Info.plist";
				IPHONEOS_DEPLOYMENT_TARGET = 12.1;
				LIBRARY_SEARCH_PATHS = "\"$(SRCROOT)/../../../../binaries/ios/lib/\"";
				MTL_ENABLE_DEBUG_INFO = YES;
				ONLY_ACTIVE_ARCH = YES;
				OTHER_LDFLAGS = "$(inherited)";
				SDKROOT = iphoneos;
				SWIFT_ACTIVE_COMPILATION_CONDITIONS = DEBUG;
				SWIFT_OBJC_BRIDGING_HEADER = "";
				SWIFT_OPTIMIZATION_LEVEL = "-Onone";
				SWIFT_PRECOMPILE_BRIDGING_HEADER = YES;
				SWIFT_VERSION = 4.0;
				VALID_ARCHS = "arm64 arm64e armv7 armv7s";
			};
			name = Debug;
		};
		A4F80A47203B3B86008D976A /* Release */ = {
			isa = XCBuildConfiguration;
			buildSettings = {
				ALWAYS_SEARCH_USER_PATHS = NO;
				CLANG_ANALYZER_NONNULL = YES;
				CLANG_ANALYZER_NUMBER_OBJECT_CONVERSION = YES_AGGRESSIVE;
				CLANG_CXX_LANGUAGE_STANDARD = "gnu++14";
				CLANG_CXX_LIBRARY = "libc++";
				CLANG_ENABLE_MODULES = YES;
				CLANG_ENABLE_OBJC_ARC = YES;
				CLANG_WARN_BLOCK_CAPTURE_AUTORELEASING = YES;
				CLANG_WARN_BOOL_CONVERSION = YES;
				CLANG_WARN_COMMA = YES;
				CLANG_WARN_CONSTANT_CONVERSION = YES;
				CLANG_WARN_DEPRECATED_OBJC_IMPLEMENTATIONS = YES;
				CLANG_WARN_DIRECT_OBJC_ISA_USAGE = YES_ERROR;
				CLANG_WARN_DOCUMENTATION_COMMENTS = YES;
				CLANG_WARN_EMPTY_BODY = YES;
				CLANG_WARN_ENUM_CONVERSION = YES;
				CLANG_WARN_INFINITE_RECURSION = YES;
				CLANG_WARN_INT_CONVERSION = YES;
				CLANG_WARN_NON_LITERAL_NULL_CONVERSION = YES;
				CLANG_WARN_OBJC_IMPLICIT_RETAIN_SELF = YES;
				CLANG_WARN_OBJC_LITERAL_CONVERSION = YES;
				CLANG_WARN_OBJC_ROOT_CLASS = YES_ERROR;
				CLANG_WARN_RANGE_LOOP_ANALYSIS = YES;
				CLANG_WARN_STRICT_PROTOTYPES = YES;
				CLANG_WARN_SUSPICIOUS_MOVE = YES;
				CLANG_WARN_UNGUARDED_AVAILABILITY = YES_AGGRESSIVE;
				CLANG_WARN_UNREACHABLE_CODE = YES;
				CLANG_WARN__DUPLICATE_METHOD_MATCH = YES;
				CODE_SIGN_IDENTITY = "iPhone Developer";
				COPY_PHASE_STRIP = NO;
				DEBUG_INFORMATION_FORMAT = "dwarf-with-dsym";
				ENABLE_BITCODE = YES;
				ENABLE_NS_ASSERTIONS = NO;
				ENABLE_STRICT_OBJC_MSGSEND = YES;
				GCC_C_LANGUAGE_STANDARD = gnu11;
				GCC_NO_COMMON_BLOCKS = YES;
				GCC_WARN_64_TO_32_BIT_CONVERSION = YES;
				GCC_WARN_ABOUT_RETURN_TYPE = YES_ERROR;
				GCC_WARN_UNDECLARED_SELECTOR = YES;
				GCC_WARN_UNINITIALIZED_AUTOS = YES_AGGRESSIVE;
				GCC_WARN_UNUSED_FUNCTION = YES;
				GCC_WARN_UNUSED_VARIABLE = YES;
				HEADER_SEARCH_PATHS = "\"$(SRCROOT)/../../../../include/swift/\"";
				INFOPLIST_FILE = "mach1-decode-example/Info.plist";
				IPHONEOS_DEPLOYMENT_TARGET = 12.1;
				LIBRARY_SEARCH_PATHS = "\"$(SRCROOT)/../../../../binaries/ios/lib/\"";
				MTL_ENABLE_DEBUG_INFO = NO;
				OTHER_LDFLAGS = "$(inherited)";
				SDKROOT = iphoneos;
				SWIFT_OBJC_BRIDGING_HEADER = "";
				SWIFT_OPTIMIZATION_LEVEL = "-Owholemodule";
				SWIFT_PRECOMPILE_BRIDGING_HEADER = YES;
				SWIFT_VERSION = 4.0;
				VALIDATE_PRODUCT = YES;
				VALID_ARCHS = "arm64 arm64e armv7 armv7s";
			};
			name = Release;
		};
		A4F80A49203B3B86008D976A /* Debug */ = {
			isa = XCBuildConfiguration;
			baseConfigurationReference = C92116E6F4434900CC8F5A0E /* Pods-mach1-transcode-example.debug.xcconfig */;
			buildSettings = {
				ASSETCATALOG_COMPILER_APPICON_NAME = AppIcon;
				CLANG_CXX_LANGUAGE_STANDARD = "c++0x";
				CLANG_CXX_LIBRARY = "libc++";
				CLANG_ENABLE_MODULES = YES;
				CODE_SIGN_IDENTITY = "iPhone Developer";
				CODE_SIGN_STYLE = Automatic;
				DEVELOPMENT_TEAM = 6ZETDT84RB;
				EMBED_ASSET_PACKS_IN_PRODUCT_BUNDLE = YES;
				ENABLE_BITCODE = YES;
				FRAMEWORK_SEARCH_PATHS = "$(inherited)";
				HEADER_SEARCH_PATHS = "$(inherited)";
				INFOPLIST_FILE = "$(SRCROOT)/mach1-transcode-example/Info.plist";
				IPHONEOS_DEPLOYMENT_TARGET = 11.0;
				LD_RUNPATH_SEARCH_PATHS = "$(inherited) @executable_path/Frameworks";
				LIBRARY_SEARCH_PATHS = "$(inherited)";
				ONLY_ACTIVE_ARCH = YES;
				OTHER_LDFLAGS = "$(inherited)";
				PRODUCT_BUNDLE_IDENTIFIER = "com.mach1.transcode-example";
				PRODUCT_NAME = "$(TARGET_NAME)";
				PROVISIONING_PROFILE = "";
				PROVISIONING_PROFILE_SPECIFIER = "";
				SWIFT_OBJC_BRIDGING_HEADER = "$(inherited)";
				SWIFT_OBJC_INTERFACE_HEADER_NAME = "";
				SWIFT_OPTIMIZATION_LEVEL = "-Onone";
				SWIFT_VERSION = 4.0;
				TARGETED_DEVICE_FAMILY = "1,2";
				VALID_ARCHS = "arm64 arm64e armv7 armv7s";
			};
			name = Debug;
		};
		A4F80A4A203B3B86008D976A /* Release */ = {
			isa = XCBuildConfiguration;
			baseConfigurationReference = D50A89D24F87BE156485DAC7 /* Pods-mach1-transcode-example.release.xcconfig */;
			buildSettings = {
				ASSETCATALOG_COMPILER_APPICON_NAME = AppIcon;
				CLANG_CXX_LANGUAGE_STANDARD = "c++0x";
				CLANG_CXX_LIBRARY = "libc++";
				CLANG_ENABLE_MODULES = YES;
				CODE_SIGN_IDENTITY = "iPhone Developer";
				CODE_SIGN_STYLE = Automatic;
				DEVELOPMENT_TEAM = 6ZETDT84RB;
				EMBED_ASSET_PACKS_IN_PRODUCT_BUNDLE = YES;
				ENABLE_BITCODE = YES;
				FRAMEWORK_SEARCH_PATHS = "$(inherited)";
				HEADER_SEARCH_PATHS = "$(inherited)";
				INFOPLIST_FILE = "$(SRCROOT)/mach1-transcode-example/Info.plist";
				IPHONEOS_DEPLOYMENT_TARGET = 11.0;
				LD_RUNPATH_SEARCH_PATHS = "$(inherited) @executable_path/Frameworks";
				LIBRARY_SEARCH_PATHS = "$(inherited)";
				ONLY_ACTIVE_ARCH = NO;
				OTHER_LDFLAGS = "$(inherited)";
				PRODUCT_BUNDLE_IDENTIFIER = "com.mach1.transcode-example";
				PRODUCT_NAME = "$(TARGET_NAME)";
				PROVISIONING_PROFILE = "";
				PROVISIONING_PROFILE_SPECIFIER = "";
				SWIFT_OBJC_BRIDGING_HEADER = "$(inherited)";
				SWIFT_OBJC_INTERFACE_HEADER_NAME = "";
				SWIFT_VERSION = 4.0;
				TARGETED_DEVICE_FAMILY = "1,2";
				VALID_ARCHS = "arm64 arm64e armv7 armv7s";
			};
			name = Release;
		};
/* End XCBuildConfiguration section */

/* Begin XCConfigurationList section */
		A4F80A1B203B3B85008D976A /* Build configuration list for PBXProject "mach1-transcode-example" */ = {
			isa = XCConfigurationList;
			buildConfigurations = (
				A4F80A46203B3B86008D976A /* Debug */,
				A4F80A47203B3B86008D976A /* Release */,
			);
			defaultConfigurationIsVisible = 0;
			defaultConfigurationName = Release;
		};
		A4F80A48203B3B86008D976A /* Build configuration list for PBXNativeTarget "mach1-transcode-example" */ = {
			isa = XCConfigurationList;
			buildConfigurations = (
				A4F80A49203B3B86008D976A /* Debug */,
				A4F80A4A203B3B86008D976A /* Release */,
			);
			defaultConfigurationIsVisible = 0;
			defaultConfigurationName = Release;
		};
/* End XCConfigurationList section */
	};
	rootObject = A4F80A18203B3B85008D976A /* Project object */;
}
