PODS:
  - Mach1SpatialAPI (0.1.28)

DEPENDENCIES:
  - Mach1SpatialAPI (from `../../`)

EXTERNAL SOURCES:
  Mach1SpatialAPI:
    :path: "../../"

SPEC CHECKSUMS:
  Mach1SpatialAPI: 963ce7e71ea680c65071f175ebd09406cd7f9771

PODFILE CHECKSUM: 0b4cccd4c2a0bea0aaacf2147a8d545ef58925bc

COCOAPODS: 1.11.2
