PODS:
  - Mach1SpatialAPI (0.1.27)

DEPENDENCIES:
  - Mach1SpatialAPI (from `../../`)

EXTERNAL SOURCES:
  Mach1SpatialAPI:
    :path: "../../"

SPEC CHECKSUMS:
  Mach1SpatialAPI: 45390ddc6ff806d5d5fc70a83af020336e3ef599

PODFILE CHECKSUM: a407f16067313855878923abef86fa40a643b8f9

COCOAPODS: 1.10.1
