PODS:
  - Mach1SpatialAPI (0.1.30)
  - PlayListPlayer (1.0.5)

DEPENDENCIES:
  - Mach1SpatialAPI (~> 0.1.28)
  - PlayListPlayer

SPEC REPOS:
  trunk:
    - Mach1SpatialAPI
    - PlayListPlayer

SPEC CHECKSUMS:
  Mach1SpatialAPI: 0bbb415a5993d2d3135551123ba68405fa9eb835
  PlayListPlayer: 8cb59a396634759902f06224eb92140cf0262128

PODFILE CHECKSUM: 94239157454992756ffa7e6dab92174038bd42ef

COCOAPODS: 1.11.2
