PODS:
  - Mach1SpatialAPI (0.1.28)

DEPENDENCIES:
  - Mach1SpatialAPI (from `../../`)

EXTERNAL SOURCES:
  Mach1SpatialAPI:
    :path: "../../"

SPEC CHECKSUMS:
  Mach1SpatialAPI: 963ce7e71ea680c65071f175ebd09406cd7f9771

PODFILE CHECKSUM: 4aa4bff73f24ddf7eb9810f2e625701eb111de10

COCOAPODS: 1.11.2
