PODS:
  - Mach1SpatialAPI (0.1.28)

DEPENDENCIES:
  - Mach1SpatialAPI (from `../../`)

EXTERNAL SOURCES:
  Mach1SpatialAPI:
    :path: "../../"

SPEC CHECKSUMS:
  Mach1SpatialAPI: 963ce7e71ea680c65071f175ebd09406cd7f9771

PODFILE CHECKSUM: 116c91cc62eb3aa144b60d33a213f9d7358862ee

COCOAPODS: 1.11.2
