PODS:
  - Mach1SpatialAPI (0.1.28)

DEPENDENCIES:
  - Mach1SpatialAPI (from `../../`)

EXTERNAL SOURCES:
  Mach1SpatialAPI:
    :path: "../../"

SPEC CHECKSUMS:
  Mach1SpatialAPI: 963ce7e71ea680c65071f175ebd09406cd7f9771

PODFILE CHECKSUM: 5fe8a778785ea2fdc4a2d5ea6eeab4a32556cf49

COCOAPODS: 1.11.2
