PODS:
  - Mach1SpatialAPI (0.1.27)

DEPENDENCIES:
  - Mach1SpatialAPI (from `../../`)

EXTERNAL SOURCES:
  Mach1SpatialAPI:
    :path: "../../"

SPEC CHECKSUMS:
  Mach1SpatialAPI: 31bd201619ae7acb8527a46a03c4ad62f9d638d5

PODFILE CHECKSUM: ec6c00e5f3fdc7a0e315a58174c34c1932109ef4

COCOAPODS: 1.11.2
