PODS:
  - Mach1SpatialAPI (0.1.28)

DEPENDENCIES:
  - Mach1SpatialAPI (from `../../`)

EXTERNAL SOURCES:
  Mach1SpatialAPI:
    :path: "../../"

SPEC CHECKSUMS:
  Mach1SpatialAPI: 963ce7e71ea680c65071f175ebd09406cd7f9771

PODFILE CHECKSUM: ec6c00e5f3fdc7a0e315a58174c34c1932109ef4

COCOAPODS: 1.11.2
